
Microsoft Visual Studio Solution File, Format Version 12.00
# Visual Studio Version 17
VisualStudioVersion = 17.1.32228.430
MinimumVisualStudioVersion = 10.0.40219.1
Project("{8BC9CEB8-8B4A-11D0-8D11-00A0C91BC942}") = "Sandbox", "Sandbox\Sandbox.vcxproj", "{34C1B95D-7CA9-46A1-8AD0-C937934E75FE}"
EndProject
Project("{8BC9CEB8-8B4A-11D0-8D11-00A0C91BC942}") = "Abom", "Abom\Abom.vcxproj", "{8BD6399B-72E9-4D81-BC6D-3DAC5C8182E3}"
EndProject
Global
	GlobalSection(SolutionConfigurationPlatforms) = preSolution
		Debug|x64 = Debug|x64
		Release|x64 = Release|x64
	EndGlobalSection
	GlobalSection(ProjectConfigurationPlatforms) = postSolution
		{8BD6399B-72E9-4D81-BC6D-3DAC5C8182E3}.Debug|x64.ActiveCfg = Debug|x64
		{8BD6399B-72E9-4D81-BC6D-3DAC5C8182E3}.Debug|x64.Build.0 = Debug|x64
		{8BD6399B-72E9-4D81-BC6D-3DAC5C8182E3}.Release|x64.ActiveCfg = Release|x64
		{8BD6399B-72E9-4D81-BC6D-3DAC5C8182E3}.Release|x64.Build.0 = Release|x64
		{34C1B95D-7CA9-46A1-8AD0-C937934E75FE}.Debug|x64.ActiveCfg = Debug|x64
		{34C1B95D-7CA9-46A1-8AD0-C937934E75FE}.Debug|x64.Build.0 = Debug|x64
		{34C1B95D-7CA9-46A1-8AD0-C937934E75FE}.Release|x64.ActiveCfg = Release|x64
		{34C1B95D-7CA9-46A1-8AD0-C937934E75FE}.Release|x64.Build.0 = Release|x64
	EndGlobalSection
	GlobalSection(SolutionProperties) = preSolution
		HideSolutionNode = FALSE
	EndGlobalSection
	GlobalSection(ExtensibilityGlobals) = postSolution
		SolutionGuid = {ACC56E52-429F-444E-A1F9-72C1517840A8}
	EndGlobalSection
EndGlobal
