<?xml version="1.0" encoding="utf-8"?>
<Project ToolsVersion="4.0" xmlns="http://schemas.microsoft.com/developer/msbuild/2003">
  <ItemGroup>
    <Filter Include="Abom">
      <UniqueIdentifier>{C463827C-B09A-830D-5987-6910459DFF0E}</UniqueIdentifier>
    </Filter>
  </ItemGroup>
  <ItemGroup>
    <ClInclude Include="src\Abom.h" />
    <ClInclude Include="src\Abom\Application.h">
      <Filter>Abom</Filter>
    </ClInclude>
    <ClInclude Include="src\Abom\Core.h">
      <Filter>Abom</Filter>
    </ClInclude>
    <ClInclude Include="src\Abom\EntryPoint.h">
      <Filter>Abom</Filter>
    </ClInclude>
    <ClInclude Include="src\Abom\Log.h">
      <Filter>Abom</Filter>
    </ClInclude>
  </ItemGroup>
  <ItemGroup>
    <ClCompile Include="src\Abom\Application.cpp">
      <Filter>Abom</Filter>
    </ClCompile>
    <ClCompile Include="src\Abom\Log.cpp">
      <Filter>Abom</Filter>
    </ClCompile>
  </ItemGroup>
</Project>